
Microsoft Visual Studio Solution File, Format Version 12.00
Project("{FAE04EC0-301F-11D3-BF4B-00C04F79EFBC}") = "MentalHealth.Api", "MentalHealth.Api.csproj", "{7F362DC9-C5E9-4BB6-8DFB-C6A02B89F0AB}"
EndProject
Global
	GlobalSection(SolutionConfigurationPlatforms) = preSolution
		Debug|Any CPU = Debug|Any CPU
		Release|Any CPU = Release|Any CPU
	EndGlobalSection
	GlobalSection(ProjectConfigurationPlatforms) = postSolution
		{7F362DC9-C5E9-4BB6-8DFB-C6A02B89F0AB}.Debug|Any CPU.ActiveCfg = Debug|Any CPU
		{7F362DC9-C5E9-4BB6-8DFB-C6A02B89F0AB}.Debug|Any CPU.Build.0 = Debug|Any CPU
		{7F362DC9-C5E9-4BB6-8DFB-C6A02B89F0AB}.Release|Any CPU.ActiveCfg = Release|Any CPU
		{7F362DC9-C5E9-4BB6-8DFB-C6A02B89F0AB}.Release|Any CPU.Build.0 = Release|Any CPU
	EndGlobalSection
EndGlobal
